
Microsoft Visual Studio Solution File, Format Version 12.00
# Visual Studio Version 17
VisualStudioVersion = 17.6.33617.297
MinimumVisualStudioVersion = 10.0.40219.1
Project("{9A19103F-16F7-4668-BE54-9A1E7A4F7556}") = "Sub", "Sub.csproj", "{DABE6437-8A26-4397-A139-F84BAFE5BA8D}"
EndProject
Project("{FAE04EC0-301F-11D3-BF4B-00C04F79EFBC}") = "Sub.ApplicationLayer", "..\Sub.Application\Sub.ApplicationLayer.csproj", "{87A470C6-1AC8-4A1D-9CE1-64D711ED3EAE}"
EndProject
Global
	GlobalSection(SolutionConfigurationPlatforms) = preSolution
		Debug|Any CPU = Debug|Any CPU
		Release|Any CPU = Release|Any CPU
	EndGlobalSection
	GlobalSection(ProjectConfigurationPlatforms) = postSolution
		{DABE6437-8A26-4397-A139-F84BAFE5BA8D}.Debug|Any CPU.ActiveCfg = Debug|Any CPU
		{DABE6437-8A26-4397-A139-F84BAFE5BA8D}.Debug|Any CPU.Build.0 = Debug|Any CPU
		{DABE6437-8A26-4397-A139-F84BAFE5BA8D}.Debug|Any CPU.Deploy.0 = Debug|Any CPU
		{DABE6437-8A26-4397-A139-F84BAFE5BA8D}.Release|Any CPU.ActiveCfg = Release|Any CPU
		{DABE6437-8A26-4397-A139-F84BAFE5BA8D}.Release|Any CPU.Build.0 = Release|Any CPU
		{DABE6437-8A26-4397-A139-F84BAFE5BA8D}.Release|Any CPU.Deploy.0 = Release|Any CPU
		{87A470C6-1AC8-4A1D-9CE1-64D711ED3EAE}.Debug|Any CPU.ActiveCfg = Debug|Any CPU
		{87A470C6-1AC8-4A1D-9CE1-64D711ED3EAE}.Debug|Any CPU.Build.0 = Debug|Any CPU
		{87A470C6-1AC8-4A1D-9CE1-64D711ED3EAE}.Release|Any CPU.ActiveCfg = Release|Any CPU
		{87A470C6-1AC8-4A1D-9CE1-64D711ED3EAE}.Release|Any CPU.Build.0 = Release|Any CPU
	EndGlobalSection
	GlobalSection(SolutionProperties) = preSolution
		HideSolutionNode = FALSE
	EndGlobalSection
	GlobalSection(ExtensibilityGlobals) = postSolution
		SolutionGuid = {10D1C113-5EA9-448F-B1D2-27263A4C547A}
	EndGlobalSection
EndGlobal
